
Microsoft Visual Studio Solution File, Format Version 12.00
# Visual Studio Version 17
VisualStudioVersion = 17.1.32228.430
MinimumVisualStudioVersion = 10.0.40219.1
Project("{FAE04EC0-301F-11D3-BF4B-00C04F79EFBC}") = "CalculateMathProblem", "CalculateMathProblem.csproj", "{6AFD5E00-EC3F-4A15-B6AA-41D3827BD694}"
EndProject
Global
	GlobalSection(SolutionConfigurationPlatforms) = preSolution
		Debug|Any CPU = Debug|Any CPU
		Release|Any CPU = Release|Any CPU
	EndGlobalSection
	GlobalSection(ProjectConfigurationPlatforms) = postSolution
		{6AFD5E00-EC3F-4A15-B6AA-41D3827BD694}.Debug|Any CPU.ActiveCfg = Debug|Any CPU
		{6AFD5E00-EC3F-4A15-B6AA-41D3827BD694}.Debug|Any CPU.Build.0 = Debug|Any CPU
		{6AFD5E00-EC3F-4A15-B6AA-41D3827BD694}.Release|Any CPU.ActiveCfg = Release|Any CPU
		{6AFD5E00-EC3F-4A15-B6AA-41D3827BD694}.Release|Any CPU.Build.0 = Release|Any CPU
	EndGlobalSection
	GlobalSection(SolutionProperties) = preSolution
		HideSolutionNode = FALSE
	EndGlobalSection
	GlobalSection(ExtensibilityGlobals) = postSolution
		SolutionGuid = {8ADC20B3-190F-4EB1-82C2-D1025CBCADD7}
	EndGlobalSection
EndGlobal
